
Microsoft Visual Studio Solution File, Format Version 12.00
# Visual Studio Version 17
VisualStudioVersion = 17.14.36121.58 d17.14
MinimumVisualStudioVersion = 10.0.40219.1
Project("{FAE04EC0-301F-11D3-BF4B-00C04F79EFBC}") = "ECommerceAdminAPI", "ECommerceAdminAPI.csproj", "{BD938BDA-1417-4ABA-4BBB-0A3C46BCC993}"
EndProject
Global
	GlobalSection(SolutionConfigurationPlatforms) = preSolution
		Debug|Any CPU = Debug|Any CPU
		Release|Any CPU = Release|Any CPU
	EndGlobalSection
	GlobalSection(ProjectConfigurationPlatforms) = postSolution
		{BD938BDA-1417-4ABA-4BBB-0A3C46BCC993}.Debug|Any CPU.ActiveCfg = Debug|Any CPU
		{BD938BDA-1417-4ABA-4BBB-0A3C46BCC993}.Debug|Any CPU.Build.0 = Debug|Any CPU
		{BD938BDA-1417-4ABA-4BBB-0A3C46BCC993}.Release|Any CPU.ActiveCfg = Release|Any CPU
		{BD938BDA-1417-4ABA-4BBB-0A3C46BCC993}.Release|Any CPU.Build.0 = Release|Any CPU
	EndGlobalSection
	GlobalSection(SolutionProperties) = preSolution
		HideSolutionNode = FALSE
	EndGlobalSection
	GlobalSection(ExtensibilityGlobals) = postSolution
		SolutionGuid = {26D39136-402F-4C51-81BC-F44F67144E3A}
	EndGlobalSection
EndGlobal
